<?xml version="1.0" encoding="utf-8"?>
<Project ToolsVersion="4.0" xmlns="http://schemas.microsoft.com/developer/msbuild/2003">
  <ItemGroup>
    <Filter Include="Source Files">
      <UniqueIdentifier>{4FC737F1-C7A5-4376-A066-2A32D752A2FF}</UniqueIdentifier>
      <Extensions>cpp;c;cc;cxx;def;odl;idl;hpj;bat;asm;asmx</Extensions>
    </Filter>
    <Filter Include="Header Files">
      <UniqueIdentifier>{93995380-89BD-4b04-88EB-625FBE52EBFB}</UniqueIdentifier>
      <Extensions>h;hpp;hxx;hm;inl;inc;xsd</Extensions>
    </Filter>
    <Filter Include="Resource Files">
      <UniqueIdentifier>{67DA6AB6-F800-4c08-8B7A-83BB121AAD01}</UniqueIdentifier>
      <Extensions>rc;ico;cur;bmp;dlg;rc2;rct;bin;rgs;gif;jpg;jpeg;jpe;resx;tiff;tif;png;wav</Extensions>
    </Filter>
  </ItemGroup>
  <ItemGroup>
    <ClInclude Include="src\cpp\jmtp_PortableDeviceManager.h">
      <Filter>Header Files</Filter>
    </ClInclude>
    <ClInclude Include="src\cpp\jmtp_PortableDeviceProperties.h">
      <Filter>Header Files</Filter>
    </ClInclude>
    <ClInclude Include="src\cpp\jmtp_PortableDevicePropVariantCollection.h">
      <Filter>Header Files</Filter>
    </ClInclude>
    <ClInclude Include="src\cpp\jmtp_PortableDeviceTransfert.h">
      <Filter>Header Files</Filter>
    </ClInclude>
    <ClInclude Include="src\cpp\jmtp_PortableDeviceValues.h">
      <Filter>Header Files</Filter>
    </ClInclude>
    <ClInclude Include="src\cpp\be_derycke_pieter_com_COM.h">
      <Filter>Header Files</Filter>
    </ClInclude>
    <ClInclude Include="src\cpp\be_derycke_pieter_com_OleDate.h">
      <Filter>Header Files</Filter>
    </ClInclude>
    <ClInclude Include="src\cpp\jmtp.h">
      <Filter>Header Files</Filter>
    </ClInclude>
    <ClInclude Include="src\cpp\jmtp_PortableDevice.h">
      <Filter>Header Files</Filter>
    </ClInclude>
    <ClInclude Include="src\cpp\jmtp_PortableDeviceContent.h">
      <Filter>Header Files</Filter>
    </ClInclude>
    <ClInclude Include="src\cpp\jmtp_PortableDeviceKeyCollection.h">
      <Filter>Header Files</Filter>
    </ClInclude>
    <ClInclude Include="src\cpp\be_derycke_pieter_com_COMReference.h">
      <Filter>Header Files</Filter>
    </ClInclude>
  </ItemGroup>
  <ItemGroup>
    <ClCompile Include="src\cpp\jmtp.cpp">
      <Filter>Source Files</Filter>
    </ClCompile>
    <ClCompile Include="src\cpp\OleDate.cpp">
      <Filter>Source Files</Filter>
    </ClCompile>
    <ClCompile Include="src\cpp\PortableDevice.cpp">
      <Filter>Source Files</Filter>
    </ClCompile>
    <ClCompile Include="src\cpp\PortableDeviceContent.cpp">
      <Filter>Source Files</Filter>
    </ClCompile>
    <ClCompile Include="src\cpp\PortableDeviceKeyCollection.cpp">
      <Filter>Source Files</Filter>
    </ClCompile>
    <ClCompile Include="src\cpp\PortableDeviceManager.cpp">
      <Filter>Source Files</Filter>
    </ClCompile>
    <ClCompile Include="src\cpp\PortableDeviceProperties.cpp">
      <Filter>Source Files</Filter>
    </ClCompile>
    <ClCompile Include="src\cpp\PortableDevicePropVariantCollection.cpp">
      <Filter>Source Files</Filter>
    </ClCompile>
    <ClCompile Include="src\cpp\PortableDeviceTransfert.cpp">
      <Filter>Source Files</Filter>
    </ClCompile>
    <ClCompile Include="src\cpp\PortableDeviceValues.cpp">
      <Filter>Source Files</Filter>
    </ClCompile>
    <ClCompile Include="src\cpp\Com.cpp">
      <Filter>Source Files</Filter>
    </ClCompile>
  </ItemGroup>
</Project>